// !$*UTF8*$!
{
	archiveVersion = 1;
	classes = {
	};
	objectVersion = 48;
	objects = {

/* Begin PBXBuildFile section */
		30258E7AF83AD7729D867F08 /* Pods_JpushDemo.framework in Frameworks */ = {isa = PBXBuildFile; fileRef = C18747EF943FEBA58FE20D59 /* Pods_JpushDemo.framework */; };
		D3BCAF8A1FC6C60300913F17 /* AppDelegate.swift in Sources */ = {isa = PBXBuildFile; fileRef = D3BCAF891FC6C60300913F17 /* AppDelegate.swift */; };
		D3BCAF8C1FC6C60300913F17 /* ViewController.swift in Sources */ = {isa = PBXBuildFile; fileRef = D3BCAF8B1FC6C60300913F17 /* ViewController.swift */; };
		D3BCAF8F1FC6C60300913F17 /* Main.storyboard in Resources */ = {isa = PBXBuildFile; fileRef = D3BCAF8D1FC6C60300913F17 /* Main.storyboard */; };
		D3BCAF911FC6C60300913F17 /* Assets.xcassets in Resources */ = {isa = PBXBuildFile; fileRef = D3BCAF901FC6C60300913F17 /* Assets.xcassets */; };
		D3BCAF941FC6C60300913F17 /* LaunchScreen.storyboard in Resources */ = {isa = PBXBuildFile; fileRef = D3BCAF921FC6C60300913F17 /* LaunchScreen.storyboard */; };
/* End PBXBuildFile section */

/* Begin PBXFileReference section */
		C18747EF943FEBA58FE20D59 /* Pods_JpushDemo.framework */ = {isa = PBXFileReference; explicitFileType = wrapper.framework; includeInIndex = 0; path = Pods_JpushDemo.framework; sourceTree = BUILT_PRODUCTS_DIR; };
		D371348C1FC6CD94000B60D5 /* JpushDemo.entitlements */ = {isa = PBXFileReference; lastKnownFileType = text.plist.entitlements; path = JpushDemo.entitlements; sourceTree = "<group>"; };
		D371348D1FC6F160000B60D5 /* JpushDemo-Bridging-Header.h */ = {isa = PBXFileReference; lastKnownFileType = sourcecode.c.h; path = "JpushDemo-Bridging-Header.h"; sourceTree = "<group>"; };
		D3BCAF861FC6C60300913F17 /* JpushDemo.app */ = {isa = PBXFileReference; explicitFileType = wrapper.application; includeInIndex = 0; path = JpushDemo.app; sourceTree = BUILT_PRODUCTS_DIR; };
		D3BCAF891FC6C60300913F17 /* AppDelegate.swift */ = {isa = PBXFileReference; lastKnownFileType = sourcecode.swift; path = AppDelegate.swift; sourceTree = "<group>"; };
		D3BCAF8B1FC6C60300913F17 /* ViewController.swift */ = {isa = PBXFileReference; lastKnownFileType = sourcecode.swift; path = ViewController.swift; sourceTree = "<group>"; };
		D3BCAF8E1FC6C60300913F17 /* Base */ = {isa = PBXFileReference; lastKnownFileType = file.storyboard; name = Base; path = Base.lproj/Main.storyboard; sourceTree = "<group>"; };
		D3BCAF901FC6C60300913F17 /* Assets.xcassets */ = {isa = PBXFileReference; lastKnownFileType = folder.assetcatalog; path = Assets.xcassets; sourceTree = "<group>"; };
		D3BCAF931FC6C60300913F17 /* Base */ = {isa = PBXFileReference; lastKnownFileType = file.storyboard; name = Base; path = Base.lproj/LaunchScreen.storyboard; sourceTree = "<group>"; };
		D3BCAF951FC6C60300913F17 /* Info.plist */ = {isa = PBXFileReference; lastKnownFileType = text.plist.xml; path = Info.plist; sourceTree = "<group>"; };
		DBC7C939261AD2A6CBB2AEDD /* Pods-JpushDemo.release.xcconfig */ = {isa = PBXFileReference; includeInIndex = 1; lastKnownFileType = text.xcconfig; name = "Pods-JpushDemo.release.xcconfig"; path = "Pods/Target Support Files/Pods-JpushDemo/Pods-JpushDemo.release.xcconfig"; sourceTree = "<group>"; };
		ECE9F287CE924FE2FAF78DB4 /* Pods-JpushDemo.debug.xcconfig */ = {isa = PBXFileReference; includeInIndex = 1; lastKnownFileType = text.xcconfig; name = "Pods-JpushDemo.debug.xcconfig"; path = "Pods/Target Support Files/Pods-JpushDemo/Pods-JpushDemo.debug.xcconfig"; sourceTree = "<group>"; };
/* End PBXFileReference section */

/* Begin PBXFrameworksBuildPhase section */
		D3BCAF831FC6C60300913F17 /* Frameworks */ = {
			isa = PBXFrameworksBuildPhase;
			buildActionMask = 2147483647;
			files = (
				30258E7AF83AD7729D867F08 /* Pods_JpushDemo.framework in Frameworks */,
			);
			runOnlyForDeploymentPostprocessing = 0;
		};
/* End PBXFrameworksBuildPhase section */

/* Begin PBXGroup section */
		7D764EA075307E26B1055F99 /* Pods */ = {
			isa = PBXGroup;
			children = (
				ECE9F287CE924FE2FAF78DB4 /* Pods-JpushDemo.debug.xcconfig */,
				DBC7C939261AD2A6CBB2AEDD /* Pods-JpushDemo.release.xcconfig */,
			);
			name = Pods;
			sourceTree = "<group>";
		};
		A5B8DE1A4DAE7B406ED77FA0 /* Frameworks */ = {
			isa = PBXGroup;
			children = (
				C18747EF943FEBA58FE20D59 /* Pods_JpushDemo.framework */,
			);
			name = Frameworks;
			sourceTree = "<group>";
		};
		D3BCAF7D1FC6C60300913F17 = {
			isa = PBXGroup;
			children = (
				D3BCAF881FC6C60300913F17 /* JpushDemo */,
				D3BCAF871FC6C60300913F17 /* Products */,
				7D764EA075307E26B1055F99 /* Pods */,
				A5B8DE1A4DAE7B406ED77FA0 /* Frameworks */,
			);
			sourceTree = "<group>";
		};
		D3BCAF871FC6C60300913F17 /* Products */ = {
			isa = PBXGroup;
			children = (
				D3BCAF861FC6C60300913F17 /* JpushDemo.app */,
			);
			name = Products;
			sourceTree = "<group>";
		};
		D3BCAF881FC6C60300913F17 /* JpushDemo */ = {
			isa = PBXGroup;
			children = (
				D371348C1FC6CD94000B60D5 /* JpushDemo.entitlements */,
				D3BCAF891FC6C60300913F17 /* AppDelegate.swift */,
				D3BCAF8B1FC6C60300913F17 /* ViewController.swift */,
				D3BCAF8D1FC6C60300913F17 /* Main.storyboard */,
				D3BCAF901FC6C60300913F17 /* Assets.xcassets */,
				D3BCAF921FC6C60300913F17 /* LaunchScreen.storyboard */,
				D3BCAF951FC6C60300913F17 /* Info.plist */,
				D371348D1FC6F160000B60D5 /* JpushDemo-Bridging-Header.h */,
			);
			path = JpushDemo;
			sourceTree = "<group>";
		};
/* End PBXGroup section */

/* Begin PBXNativeTarget section */
		D3BCAF851FC6C60300913F17 /* JpushDemo */ = {
			isa = PBXNativeTarget;
			buildConfigurationList = D3BCAF981FC6C60300913F17 /* Build configuration list for PBXNativeTarget "JpushDemo" */;
			buildPhases = (
				99EA378CEE457C7338ADA5FF /* [CP] Check Pods Manifest.lock */,
				D3BCAF821FC6C60300913F17 /* Sources */,
				D3BCAF831FC6C60300913F17 /* Frameworks */,
				D3BCAF841FC6C60300913F17 /* Resources */,
				BFAEF2CB06ACA345672D75C8 /* [CP] Embed Pods Frameworks */,
				C2D695B2B53B50FE306B357A /* [CP] Copy Pods Resources */,
			);
			buildRules = (
			);
			dependencies = (
			);
			name = JpushDemo;
			productName = JpushDemo;
			productReference = D3BCAF861FC6C60300913F17 /* JpushDemo.app */;
			productType = "com.apple.product-type.application";
		};
/* End PBXNativeTarget section */

/* Begin PBXProject section */
		D3BCAF7E1FC6C60300913F17 /* Project object */ = {
			isa = PBXProject;
			attributes = {
				LastSwiftUpdateCheck = 0910;
				LastUpgradeCheck = 0910;
				ORGANIZATIONNAME = Weslie;
				TargetAttributes = {
					D3BCAF851FC6C60300913F17 = {
						CreatedOnToolsVersion = 9.1;
						LastSwiftMigration = 0910;
						ProvisioningStyle = Automatic;
						SystemCapabilities = {
							com.apple.Push = {
								enabled = 1;
							};
						};
					};
				};
			};
			buildConfigurationList = D3BCAF811FC6C60300913F17 /* Build configuration list for PBXProject "JpushDemo" */;
			compatibilityVersion = "Xcode 8.0";
			developmentRegion = en;
			hasScannedForEncodings = 0;
			knownRegions = (
				en,
				Base,
			);
			mainGroup = D3BCAF7D1FC6C60300913F17;
			productRefGroup = D3BCAF871FC6C60300913F17 /* Products */;
			projectDirPath = "";
			projectRoot = "";
			targets = (
				D3BCAF851FC6C60300913F17 /* JpushDemo */,
			);
		};
/* End PBXProject section */

/* Begin PBXResourcesBuildPhase section */
		D3BCAF841FC6C60300913F17 /* Resources */ = {
			isa = PBXResourcesBuildPhase;
			buildActionMask = 2147483647;
			files = (
				D3BCAF941FC6C60300913F17 /* LaunchScreen.storyboard in Resources */,
				D3BCAF911FC6C60300913F17 /* Assets.xcassets in Resources */,
				D3BCAF8F1FC6C60300913F17 /* Main.storyboard in Resources */,
			);
			runOnlyForDeploymentPostprocessing = 0;
		};
/* End PBXResourcesBuildPhase section */

/* Begin PBXShellScriptBuildPhase section */
		99EA378CEE457C7338ADA5FF /* [CP] Check Pods Manifest.lock */ = {
			isa = PBXShellScriptBuildPhase;
			buildActionMask = 2147483647;
			files = (
			);
			inputPaths = (
				"${PODS_PODFILE_DIR_PATH}/Podfile.lock",
				"${PODS_ROOT}/Manifest.lock",
			);
			name = "[CP] Check Pods Manifest.lock";
			outputPaths = (
				"$(DERIVED_FILE_DIR)/Pods-JpushDemo-checkManifestLockResult.txt",
			);
			runOnlyForDeploymentPostprocessing = 0;
			shellPath = /bin/sh;
			shellScript = "diff \"${PODS_PODFILE_DIR_PATH}/Podfile.lock\" \"${PODS_ROOT}/Manifest.lock\" > /dev/null\nif [ $? != 0 ] ; then\n    # print error to STDERR\n    echo \"error: The sandbox is not in sync with the Podfile.lock. Run 'pod install' or update your CocoaPods installation.\" >&2\n    exit 1\nfi\n# This output is used by Xcode 'outputs' to avoid re-running this script phase.\necho \"SUCCESS\" > \"${SCRIPT_OUTPUT_FILE_0}\"\n";
			showEnvVarsInLog = 0;
		};
		BFAEF2CB06ACA345672D75C8 /* [CP] Embed Pods Frameworks */ = {
			isa = PBXShellScriptBuildPhase;
			buildActionMask = 2147483647;
			files = (
			);
			inputPaths = (
			);
			name = "[CP] Embed Pods Frameworks";
			outputPaths = (
			);
			runOnlyForDeploymentPostprocessing = 0;
			shellPath = /bin/sh;
			shellScript = "\"${SRCROOT}/Pods/Target Support Files/Pods-JpushDemo/Pods-JpushDemo-frameworks.sh\"\n";
			showEnvVarsInLog = 0;
		};
		C2D695B2B53B50FE306B357A /* [CP] Copy Pods Resources */ = {
			isa = PBXShellScriptBuildPhase;
			buildActionMask = 2147483647;
			files = (
			);
			inputPaths = (
			);
			name = "[CP] Copy Pods Resources";
			outputPaths = (
			);
			runOnlyForDeploymentPostprocessing = 0;
			shellPath = /bin/sh;
			shellScript = "\"${SRCROOT}/Pods/Target Support Files/Pods-JpushDemo/Pods-JpushDemo-resources.sh\"\n";
			showEnvVarsInLog = 0;
		};
/* End PBXShellScriptBuildPhase section */

/* Begin PBXSourcesBuildPhase section */
		D3BCAF821FC6C60300913F17 /* Sources */ = {
			isa = PBXSourcesBuildPhase;
			buildActionMask = 2147483647;
			files = (
				D3BCAF8C1FC6C60300913F17 /* ViewController.swift in Sources */,
				D3BCAF8A1FC6C60300913F17 /* AppDelegate.swift in Sources */,
			);
			runOnlyForDeploymentPostprocessing = 0;
		};
/* End PBXSourcesBuildPhase section */

/* Begin PBXVariantGroup section */
		D3BCAF8D1FC6C60300913F17 /* Main.storyboard */ = {
			isa = PBXVariantGroup;
			children = (
				D3BCAF8E1FC6C60300913F17 /* Base */,
			);
			name = Main.storyboard;
			sourceTree = "<group>";
		};
		D3BCAF921FC6C60300913F17 /* LaunchScreen.storyboard */ = {
			isa = PBXVariantGroup;
			children = (
				D3BCAF931FC6C60300913F17 /* Base */,
			);
			name = LaunchScreen.storyboard;
			sourceTree = "<group>";
		};
/* End PBXVariantGroup section */

/* Begin XCBuildConfiguration section */
		D3BCAF961FC6C60300913F17 /* Debug */ = {
			isa = XCBuildConfiguration;
			buildSettings = {
				ALWAYS_SEARCH_USER_PATHS = NO;
				CLANG_ANALYZER_NONNULL = YES;
				CLANG_ANALYZER_NUMBER_OBJECT_CONVERSION = YES_AGGRESSIVE;
				CLANG_CXX_LANGUAGE_STANDARD = "gnu++14";
				CLANG_CXX_LIBRARY = "libc++";
				CLANG_ENABLE_MODULES = YES;
				CLANG_ENABLE_OBJC_ARC = YES;
				CLANG_WARN_BLOCK_CAPTURE_AUTORELEASING = YES;
				CLANG_WARN_BOOL_CONVERSION = YES;
				CLANG_WARN_COMMA = YES;
				CLANG_WARN_CONSTANT_CONVERSION = YES;
				CLANG_WARN_DIRECT_OBJC_ISA_USAGE = YES_ERROR;
				CLANG_WARN_DOCUMENTATION_COMMENTS = YES;
				CLANG_WARN_EMPTY_BODY = YES;
				CLANG_WARN_ENUM_CONVERSION = YES;
				CLANG_WARN_INFINITE_RECURSION = YES;
				CLANG_WARN_INT_CONVERSION = YES;
				CLANG_WARN_NON_LITERAL_NULL_CONVERSION = YES;
				CLANG_WARN_OBJC_LITERAL_CONVERSION = YES;
				CLANG_WARN_OBJC_ROOT_CLASS = YES_ERROR;
				CLANG_WARN_RANGE_LOOP_ANALYSIS = YES;
				CLANG_WARN_STRICT_PROTOTYPES = YES;
				CLANG_WARN_SUSPICIOUS_MOVE = YES;
				CLANG_WARN_UNGUARDED_AVAILABILITY = YES_AGGRESSIVE;
				CLANG_WARN_UNREACHABLE_CODE = YES;
				CLANG_WARN__DUPLICATE_METHOD_MATCH = YES;
				CODE_SIGN_IDENTITY = "iPhone Developer";
				COPY_PHASE_STRIP = NO;
				DEBUG_INFORMATION_FORMAT = dwarf;
				ENABLE_STRICT_OBJC_MSGSEND = YES;
				ENABLE_TESTABILITY = YES;
				GCC_C_LANGUAGE_STANDARD = gnu11;
				GCC_DYNAMIC_NO_PIC = NO;
				GCC_NO_COMMON_BLOCKS = YES;
				GCC_OPTIMIZATION_LEVEL = 0;
				GCC_PREPROCESSOR_DEFINITIONS = (
					"DEBUG=1",
					"$(inherited)",
				);
				GCC_WARN_64_TO_32_BIT_CONVERSION = YES;
				GCC_WARN_ABOUT_RETURN_TYPE = YES_ERROR;
				GCC_WARN_UNDECLARED_SELECTOR = YES;
				GCC_WARN_UNINITIALIZED_AUTOS = YES_AGGRESSIVE;
				GCC_WARN_UNUSED_FUNCTION = YES;
				GCC_WARN_UNUSED_VARIABLE = YES;
				IPHONEOS_DEPLOYMENT_TARGET = 11.1;
				MTL_ENABLE_DEBUG_INFO = YES;
				ONLY_ACTIVE_ARCH = YES;
				SDKROOT = iphoneos;
				SWIFT_ACTIVE_COMPILATION_CONDITIONS = DEBUG;
				SWIFT_OPTIMIZATION_LEVEL = "-Onone";
			};
			name = Debug;
		};
		D3BCAF971FC6C60300913F17 /* Release */ = {
			isa = XCBuildConfiguration;
			buildSettings = {
				ALWAYS_SEARCH_USER_PATHS = NO;
				CLANG_ANALYZER_NONNULL = YES;
				CLANG_ANALYZER_NUMBER_OBJECT_CONVERSION = YES_AGGRESSIVE;
				CLANG_CXX_LANGUAGE_STANDARD = "gnu++14";
				CLANG_CXX_LIBRARY = "libc++";
				CLANG_ENABLE_MODULES = YES;
				CLANG_ENABLE_OBJC_ARC = YES;
				CLANG_WARN_BLOCK_CAPTURE_AUTORELEASING = YES;
				CLANG_WARN_BOOL_CONVERSION = YES;
				CLANG_WARN_COMMA = YES;
				CLANG_WARN_CONSTANT_CONVERSION = YES;
				CLANG_WARN_DIRECT_OBJC_ISA_USAGE = YES_ERROR;
				CLANG_WARN_DOCUMENTATION_COMMENTS = YES;
				CLANG_WARN_EMPTY_BODY = YES;
				CLANG_WARN_ENUM_CONVERSION = YES;
				CLANG_WARN_INFINITE_RECURSION = YES;
				CLANG_WARN_INT_CONVERSION = YES;
				CLANG_WARN_NON_LITERAL_NULL_CONVERSION = YES;
				CLANG_WARN_OBJC_LITERAL_CONVERSION = YES;
				CLANG_WARN_OBJC_ROOT_CLASS = YES_ERROR;
				CLANG_WARN_RANGE_LOOP_ANALYSIS = YES;
				CLANG_WARN_STRICT_PROTOTYPES = YES;
				CLANG_WARN_SUSPICIOUS_MOVE = YES;
				CLANG_WARN_UNGUARDED_AVAILABILITY = YES_AGGRESSIVE;
				CLANG_WARN_UNREACHABLE_CODE = YES;
				CLANG_WARN__DUPLICATE_METHOD_MATCH = YES;
				CODE_SIGN_IDENTITY = "iPhone Developer";
				COPY_PHASE_STRIP = NO;
				DEBUG_INFORMATION_FORMAT = "dwarf-with-dsym";
				ENABLE_NS_ASSERTIONS = NO;
				ENABLE_STRICT_OBJC_MSGSEND = YES;
				GCC_C_LANGUAGE_STANDARD = gnu11;
				GCC_NO_COMMON_BLOCKS = YES;
				GCC_WARN_64_TO_32_BIT_CONVERSION = YES;
				GCC_WARN_ABOUT_RETURN_TYPE = YES_ERROR;
				GCC_WARN_UNDECLARED_SELECTOR = YES;
				GCC_WARN_UNINITIALIZED_AUTOS = YES_AGGRESSIVE;
				GCC_WARN_UNUSED_FUNCTION = YES;
				GCC_WARN_UNUSED_VARIABLE = YES;
				IPHONEOS_DEPLOYMENT_TARGET = 11.1;
				MTL_ENABLE_DEBUG_INFO = NO;
				SDKROOT = iphoneos;
				SWIFT_OPTIMIZATION_LEVEL = "-Owholemodule";
				VALIDATE_PRODUCT = YES;
			};
			name = Release;
		};
		D3BCAF991FC6C60300913F17 /* Debug */ = {
			isa = XCBuildConfiguration;
			baseConfigurationReference = ECE9F287CE924FE2FAF78DB4 /* Pods-JpushDemo.debug.xcconfig */;
			buildSettings = {
				ASSETCATALOG_COMPILER_APPICON_NAME = AppIcon;
				CLANG_ENABLE_MODULES = YES;
				CODE_SIGN_ENTITLEMENTS = JpushDemo/JpushDemo.entitlements;
				"CODE_SIGN_IDENTITY[sdk=iphoneos*]" = "iPhone Developer";
				CODE_SIGN_STYLE = Automatic;
				DEVELOPMENT_TEAM = M2JN69G9M6;
				INFOPLIST_FILE = JpushDemo/Info.plist;
				IPHONEOS_DEPLOYMENT_TARGET = 10.0;
				LD_RUNPATH_SEARCH_PATHS = "$(inherited) @executable_path/Frameworks";
				PRODUCT_BUNDLE_IDENTIFIER = com.weslie.demo.JPush;
				PRODUCT_NAME = "$(TARGET_NAME)";
				PROVISIONING_PROFILE_SPECIFIER = "";
				SWIFT_OBJC_BRIDGING_HEADER = "JpushDemo/JpushDemo-Bridging-Header.h";
				SWIFT_OPTIMIZATION_LEVEL = "-Onone";
				SWIFT_VERSION = 4.0;
				TARGETED_DEVICE_FAMILY = "1,2";
			};
			name = Debug;
		};
		D3BCAF9A1FC6C60300913F17 /* Release */ = {
			isa = XCBuildConfiguration;
			baseConfigurationReference = DBC7C939261AD2A6CBB2AEDD /* Pods-JpushDemo.release.xcconfig */;
			buildSettings = {
				ASSETCATALOG_COMPILER_APPICON_NAME = AppIcon;
				CLANG_ENABLE_MODULES = YES;
				CODE_SIGN_ENTITLEMENTS = JpushDemo/JpushDemo.entitlements;
				"CODE_SIGN_IDENTITY[sdk=iphoneos*]" = "iPhone Developer";
				CODE_SIGN_STYLE = Automatic;
				DEVELOPMENT_TEAM = M2JN69G9M6;
				INFOPLIST_FILE = JpushDemo/Info.plist;
				IPHONEOS_DEPLOYMENT_TARGET = 10.0;
				LD_RUNPATH_SEARCH_PATHS = "$(inherited) @executable_path/Frameworks";
				PRODUCT_BUNDLE_IDENTIFIER = com.weslie.demo.JPush;
				PRODUCT_NAME = "$(TARGET_NAME)";
				PROVISIONING_PROFILE_SPECIFIER = "";
				SWIFT_OBJC_BRIDGING_HEADER = "JpushDemo/JpushDemo-Bridging-Header.h";
				SWIFT_VERSION = 4.0;
				TARGETED_DEVICE_FAMILY = "1,2";
			};
			name = Release;
		};
/* End XCBuildConfiguration section */

/* Begin XCConfigurationList section */
		D3BCAF811FC6C60300913F17 /* Build configuration list for PBXProject "JpushDemo" */ = {
			isa = XCConfigurationList;
			buildConfigurations = (
				D3BCAF961FC6C60300913F17 /* Debug */,
				D3BCAF971FC6C60300913F17 /* Release */,
			);
			defaultConfigurationIsVisible = 0;
			defaultConfigurationName = Release;
		};
		D3BCAF981FC6C60300913F17 /* Build configuration list for PBXNativeTarget "JpushDemo" */ = {
			isa = XCConfigurationList;
			buildConfigurations = (
				D3BCAF991FC6C60300913F17 /* Debug */,
				D3BCAF9A1FC6C60300913F17 /* Release */,
			);
			defaultConfigurationIsVisible = 0;
			defaultConfigurationName = Release;
		};
/* End XCConfigurationList section */
	};
	rootObject = D3BCAF7E1FC6C60300913F17 /* Project object */;
}
